
Microsoft Visual Studio Solution File, Format Version 12.00
# Visual Studio Version 16
VisualStudioVersion = 16.0.32413.511
MinimumVisualStudioVersion = 10.0.40219.1
Project("{FAE04EC0-301F-11D3-BF4B-00C04F79EFBC}") = "IDWEB4", "IDWEB4\IDWEB4.csproj", "{CA2AEA9F-7B64-4269-8552-C940C13C8A3E}"
EndProject
Global
	GlobalSection(SolutionConfigurationPlatforms) = preSolution
		Debug|Any CPU = Debug|Any CPU
		Release|Any CPU = Release|Any CPU
	EndGlobalSection
	GlobalSection(ProjectConfigurationPlatforms) = postSolution
		{CA2AEA9F-7B64-4269-8552-C940C13C8A3E}.Debug|Any CPU.ActiveCfg = Debug|Any CPU
		{CA2AEA9F-7B64-4269-8552-C940C13C8A3E}.Debug|Any CPU.Build.0 = Debug|Any CPU
		{CA2AEA9F-7B64-4269-8552-C940C13C8A3E}.Release|Any CPU.ActiveCfg = Release|Any CPU
		{CA2AEA9F-7B64-4269-8552-C940C13C8A3E}.Release|Any CPU.Build.0 = Release|Any CPU
	EndGlobalSection
	GlobalSection(SolutionProperties) = preSolution
		HideSolutionNode = FALSE
	EndGlobalSection
	GlobalSection(ExtensibilityGlobals) = postSolution
		SolutionGuid = {39DC7A2B-F999-45DD-A396-10F5112A4DF9}
	EndGlobalSection
EndGlobal
